// !$*UTF8*$!
{
	archiveVersion = 1;
	classes = {
	};
	objectVersion = 70;
	objects = {

/* Begin PBXBuildFile section */
		35E484292EC7F0B500D2DEA5 /* CustomToolbarButton.swift in Sources */ = {isa = PBXBuildFile; fileRef = 35E484282EC7F0B500D2DEA5 /* CustomToolbarButton.swift */; };
		35E4842D2EC7F48000D2DEA5 /* CustomToolbarToggle.swift in Sources */ = {isa = PBXBuildFile; fileRef = 35E4842C2EC7F48000D2DEA5 /* CustomToolbarToggle.swift */; };
		C30E9AFA2CBE43E100DF5AE5 /* SBoxAnimationView.swift in Sources */ = {isa = PBXBuildFile; fileRef = C30E9AF92CBE43E100DF5AE5 /* SBoxAnimationView.swift */; };
		C30E9AFC2CBE458900DF5AE5 /* SBoxAnimationViewModel.swift in Sources */ = {isa = PBXBuildFile; fileRef = C30E9AFB2CBE458900DF5AE5 /* SBoxAnimationViewModel.swift */; };
		C30E9AFE2CBECD1200DF5AE5 /* ByteExtension.swift in Sources */ = {isa = PBXBuildFile; fileRef = C30E9AFD2CBECD1200DF5AE5 /* ByteExtension.swift */; };
		C30E9B002CBECEAB00DF5AE5 /* StringExtension.swift in Sources */ = {isa = PBXBuildFile; fileRef = C30E9AFF2CBECEAB00DF5AE5 /* StringExtension.swift */; };
		C30E9B022CBF00D400DF5AE5 /* SBoxRound.swift in Sources */ = {isa = PBXBuildFile; fileRef = C30E9B012CBF00D400DF5AE5 /* SBoxRound.swift */; };
		C310C9112C6FCA1000E91AB7 /* MixColumnsAnimationView.swift in Sources */ = {isa = PBXBuildFile; fileRef = C310C9102C6FCA1000E91AB7 /* MixColumnsAnimationView.swift */; };
		C310C9152C714DED00E91AB7 /* MixColumnsViewModel.swift in Sources */ = {isa = PBXBuildFile; fileRef = C310C9142C714DED00E91AB7 /* MixColumnsViewModel.swift */; };
		C310C9192C7152A200E91AB7 /* AnimationContainerView.swift in Sources */ = {isa = PBXBuildFile; fileRef = C310C9182C7152A200E91AB7 /* AnimationContainerView.swift */; };
		C310C9252C72529200E91AB7 /* ColorExtensions.swift in Sources */ = {isa = PBXBuildFile; fileRef = C310C9242C72529200E91AB7 /* ColorExtensions.swift */; };
		C310C9272C72548800E91AB7 /* AddRoundKeyAnimationView.swift in Sources */ = {isa = PBXBuildFile; fileRef = C310C9262C72548800E91AB7 /* AddRoundKeyAnimationView.swift */; };
		C310C9292C7254BA00E91AB7 /* AddRoundKeyViewModel.swift in Sources */ = {isa = PBXBuildFile; fileRef = C310C9282C7254BA00E91AB7 /* AddRoundKeyViewModel.swift */; };
		C31E69BD2C8721B900230D22 /* Column.swift in Sources */ = {isa = PBXBuildFile; fileRef = C31E69BC2C8721B900230D22 /* Column.swift */; };
		C31E69C12C872C3300230D22 /* AnimationControlsView.swift in Sources */ = {isa = PBXBuildFile; fileRef = C31E69C02C872C3300230D22 /* AnimationControlsView.swift */; };
		C31E69C32C887D9D00230D22 /* ShiftRowsHelper.swift in Sources */ = {isa = PBXBuildFile; fileRef = C31E69C22C887D9D00230D22 /* ShiftRowsHelper.swift */; };
		C31E69C62C88988E00230D22 /* RoundKeyHistory.swift in Sources */ = {isa = PBXBuildFile; fileRef = C31E69C52C88988E00230D22 /* RoundKeyHistory.swift */; };
		C31E69C82C88BF7400230D22 /* AnimationStep.swift in Sources */ = {isa = PBXBuildFile; fileRef = C31E69C72C88BF7400230D22 /* AnimationStep.swift */; };
		C31E69CA2C88BF9A00230D22 /* KeyExpansionRound.swift in Sources */ = {isa = PBXBuildFile; fileRef = C31E69C92C88BF9A00230D22 /* KeyExpansionRound.swift */; };
		C32554B42CFB38EA00CDFC8B /* SafariWebView.swift in Sources */ = {isa = PBXBuildFile; fileRef = C32554B32CFB38EA00CDFC8B /* SafariWebView.swift */; };
		C32554B62CFB546F00CDFC8B /* WelcomeView.swift in Sources */ = {isa = PBXBuildFile; fileRef = C32554B52CFB546F00CDFC8B /* WelcomeView.swift */; };
		C32554B82CFB7C5100CDFC8B /* AuthorMessage.swift in Sources */ = {isa = PBXBuildFile; fileRef = C32554B72CFB7C5100CDFC8B /* AuthorMessage.swift */; };
		C329B5222CDAD63300AD7E2F /* Localizable.xcstrings in Resources */ = {isa = PBXBuildFile; fileRef = C329B5212CDAD63300AD7E2F /* Localizable.xcstrings */; };
		C329DF762CDE529400959851 /* HSAalenLogo.swift in Sources */ = {isa = PBXBuildFile; fileRef = C329DF752CDE529400959851 /* HSAalenLogo.swift */; };
		C33194E02CB1AF010036F830 /* ProcessPhaseAnimation.swift in Sources */ = {isa = PBXBuildFile; fileRef = C33194DF2CB1AF010036F830 /* ProcessPhaseAnimation.swift */; };
		C339401A2C56D76A008802BC /* EditableMatrix.swift in Sources */ = {isa = PBXBuildFile; fileRef = C33940192C56D76A008802BC /* EditableMatrix.swift */; };
		C339401D2C56D7C6008802BC /* DataTypes.swift in Sources */ = {isa = PBXBuildFile; fileRef = C339401C2C56D7C6008802BC /* DataTypes.swift */; };
		C339401F2C56D7DB008802BC /* AESMath.swift in Sources */ = {isa = PBXBuildFile; fileRef = C339401E2C56D7DB008802BC /* AESMath.swift */; };
		C33940212C56D839008802BC /* AESKeySchedule.swift in Sources */ = {isa = PBXBuildFile; fileRef = C33940202C56D839008802BC /* AESKeySchedule.swift */; };
		C33940232C56D859008802BC /* AESState.swift in Sources */ = {isa = PBXBuildFile; fileRef = C33940222C56D859008802BC /* AESState.swift */; };
		C33940252C56D875008802BC /* AESCipher.swift in Sources */ = {isa = PBXBuildFile; fileRef = C33940242C56D875008802BC /* AESCipher.swift */; };
		C33A3C162CCA497D004CF720 /* SecondaryButtonStyle.swift in Sources */ = {isa = PBXBuildFile; fileRef = C33A3C152CCA497D004CF720 /* SecondaryButtonStyle.swift */; };
		C33A3C192CCA97CD004CF720 /* PrimaryButtonStyle.swift in Sources */ = {isa = PBXBuildFile; fileRef = C33A3C182CCA97CD004CF720 /* PrimaryButtonStyle.swift */; };
		C33A3C222CCB8310004CF720 /* PressEffectModifier.swift in Sources */ = {isa = PBXBuildFile; fileRef = C33A3C212CCB8310004CF720 /* PressEffectModifier.swift */; };
		C33A3C262CCB87DA004CF720 /* CustomNavigationButton.swift in Sources */ = {isa = PBXBuildFile; fileRef = C33A3C252CCB87DA004CF720 /* CustomNavigationButton.swift */; };
		C33A3C282CCB8C03004CF720 /* StandardButtonStyle.swift in Sources */ = {isa = PBXBuildFile; fileRef = C33A3C272CCB8C03004CF720 /* StandardButtonStyle.swift */; };
		C33A3C2A2CCB8EA7004CF720 /* CustomLabelView.swift in Sources */ = {isa = PBXBuildFile; fileRef = C33A3C292CCB8EA7004CF720 /* CustomLabelView.swift */; };
		C33A3C2C2CCBE676004CF720 /* HighlightEffectModifier.swift in Sources */ = {isa = PBXBuildFile; fileRef = C33A3C2B2CCBE676004CF720 /* HighlightEffectModifier.swift */; };
		C33A3C302CCD93D4004CF720 /* SettingsViewModel.swift in Sources */ = {isa = PBXBuildFile; fileRef = C33A3C2F2CCD93D4004CF720 /* SettingsViewModel.swift */; };
		C33E45082C7A9B2100F38593 /* OperationSymbol.swift in Sources */ = {isa = PBXBuildFile; fileRef = C33E45072C7A9B2100F38593 /* OperationSymbol.swift */; };
		C33E450A2C7A9D0800F38593 /* StateView.swift in Sources */ = {isa = PBXBuildFile; fileRef = C33E45092C7A9D0800F38593 /* StateView.swift */; };
		C34310112C9373DA0004F4C7 /* AnimationViewModelProtocol.swift in Sources */ = {isa = PBXBuildFile; fileRef = C34310102C9373DA0004F4C7 /* AnimationViewModelProtocol.swift */; };
		C34310132C948AA10004F4C7 /* OperationDetails.swift in Sources */ = {isa = PBXBuildFile; fileRef = C34310122C948AA10004F4C7 /* OperationDetails.swift */; };
		C34310152C948AB10004F4C7 /* AnimationControl.swift in Sources */ = {isa = PBXBuildFile; fileRef = C34310142C948AB10004F4C7 /* AnimationControl.swift */; };
		C346320B2D011CC600149FE3 /* AnimationControlEnums.swift in Sources */ = {isa = PBXBuildFile; fileRef = C346320A2D011CC600149FE3 /* AnimationControlEnums.swift */; };
		C34A85F82CDFBF7000CF3BAE /* StorageKeys.swift in Sources */ = {isa = PBXBuildFile; fileRef = C34A85F72CDFBF7000CF3BAE /* StorageKeys.swift */; };
		C351F31F2C8C605D000890AF /* AppScheme.swift in Sources */ = {isa = PBXBuildFile; fileRef = C351F31E2C8C605D000890AF /* AppScheme.swift */; };
		C35F80262CAAA40F00C54393 /* CipherRound.swift in Sources */ = {isa = PBXBuildFile; fileRef = C35F80252CAAA40F00C54393 /* CipherRound.swift */; };
		C362CBFE2D062296008A8954 /* WarningView.swift in Sources */ = {isa = PBXBuildFile; fileRef = C362CBFD2D062296008A8954 /* WarningView.swift */; };
		C362CC002D0625A9008A8954 /* DeviceDetector.swift in Sources */ = {isa = PBXBuildFile; fileRef = C362CBFF2D0625A9008A8954 /* DeviceDetector.swift */; };
		C36566362C61F6BD007A4A1E /* SettingsView.swift in Sources */ = {isa = PBXBuildFile; fileRef = C36566352C61F6BD007A4A1E /* SettingsView.swift */; };
		C371552E2D24093900E3ADCF /* LayoutStyles.swift in Sources */ = {isa = PBXBuildFile; fileRef = C371552D2D24093900E3ADCF /* LayoutStyles.swift */; };
		C37155302D240BDE00E3ADCF /* PositionTrackingModifier.swift in Sources */ = {isa = PBXBuildFile; fileRef = C371552F2D240BDE00E3ADCF /* PositionTrackingModifier.swift */; };
		C37BA07F2C397D5800C87BB7 /* AESAnimationsApp.swift in Sources */ = {isa = PBXBuildFile; fileRef = C37BA07E2C397D5800C87BB7 /* AESAnimationsApp.swift */; };
		C37BA0812C397D5800C87BB7 /* MainView.swift in Sources */ = {isa = PBXBuildFile; fileRef = C37BA0802C397D5800C87BB7 /* MainView.swift */; };
		C37BA0832C397D5900C87BB7 /* Assets.xcassets in Resources */ = {isa = PBXBuildFile; fileRef = C37BA0822C397D5900C87BB7 /* Assets.xcassets */; };
		C37BA0872C397D5900C87BB7 /* Preview Assets.xcassets in Resources */ = {isa = PBXBuildFile; fileRef = C37BA0862C397D5900C87BB7 /* Preview Assets.xcassets */; };
		C37BA08E2C39882F00C87BB7 /* SubBytesAnimationView.swift in Sources */ = {isa = PBXBuildFile; fileRef = C37BA08D2C39882F00C87BB7 /* SubBytesAnimationView.swift */; };
		C38734DA2C68DAD000E835DB /* PrimaryColor.swift in Sources */ = {isa = PBXBuildFile; fileRef = C38734D92C68DAD000E835DB /* PrimaryColor.swift */; };
		C38734DC2C68DC5D00E835DB /* Matrix.swift in Sources */ = {isa = PBXBuildFile; fileRef = C38734DB2C68DC5D00E835DB /* Matrix.swift */; };
		C38734DE2C6921DD00E835DB /* CustomButton.swift in Sources */ = {isa = PBXBuildFile; fileRef = C38734DD2C6921DD00E835DB /* CustomButton.swift */; };
		C38734E42C692E7600E835DB /* SBoxView.swift in Sources */ = {isa = PBXBuildFile; fileRef = C38734E32C692E7600E835DB /* SBoxView.swift */; };
		C38734E72C692F2000E835DB /* ViewExtensions.swift in Sources */ = {isa = PBXBuildFile; fileRef = C38734E62C692F2000E835DB /* ViewExtensions.swift */; };
		C38734E92C692FA100E835DB /* CellView.swift in Sources */ = {isa = PBXBuildFile; fileRef = C38734E82C692FA100E835DB /* CellView.swift */; };
		C38734F22C6943E600E835DB /* ShiftRowsAnimationView.swift in Sources */ = {isa = PBXBuildFile; fileRef = C38734F12C6943E600E835DB /* ShiftRowsAnimationView.swift */; };
		C38734F42C6E2BB500E835DB /* ArrayExtensions.swift in Sources */ = {isa = PBXBuildFile; fileRef = C38734F32C6E2BB500E835DB /* ArrayExtensions.swift */; };
		C38734F62C6EA47F00E835DB /* SubBytesViewModel.swift in Sources */ = {isa = PBXBuildFile; fileRef = C38734F52C6EA47F00E835DB /* SubBytesViewModel.swift */; };
		C38734FE2C6EAADF00E835DB /* ShiftRowsViewModel.swift in Sources */ = {isa = PBXBuildFile; fileRef = C38734FD2C6EAADF00E835DB /* ShiftRowsViewModel.swift */; };
		C38735002C6EABFA00E835DB /* KeyViewModel.swift in Sources */ = {isa = PBXBuildFile; fileRef = C38734FF2C6EABFA00E835DB /* KeyViewModel.swift */; };
		C38735022C6EACBE00E835DB /* MainViewModel.swift in Sources */ = {isa = PBXBuildFile; fileRef = C38735012C6EACBE00E835DB /* MainViewModel.swift */; };
		C38AD2B62CB747E900001702 /* ValueFormat.swift in Sources */ = {isa = PBXBuildFile; fileRef = C38AD2B52CB747E900001702 /* ValueFormat.swift */; };
		C38B28B32CB4092900FCE203 /* README.md in Resources */ = {isa = PBXBuildFile; fileRef = C38B28B22CB4092900FCE203 /* README.md */; };
		C38B28D32CB44FFA00FCE203 /* AuthorView.swift in Sources */ = {isa = PBXBuildFile; fileRef = C38B28D22CB44FFA00FCE203 /* AuthorView.swift */; };
		C38ED05F2CD191720023C4F9 /* AnimationData.swift in Sources */ = {isa = PBXBuildFile; fileRef = C38ED05E2CD191720023C4F9 /* AnimationData.swift */; };
		C3A0F4B02CDBF98400C0C9DE /* SettingsConfigurations.swift in Sources */ = {isa = PBXBuildFile; fileRef = C3A0F4AF2CDBF98400C0C9DE /* SettingsConfigurations.swift */; };
		C3AEE3D72CAB19F4002F60CE /* CipherHistory.swift in Sources */ = {isa = PBXBuildFile; fileRef = C3AEE3D62CAB19F4002F60CE /* CipherHistory.swift */; };
		C3AEE3DB2CAB4653002F60CE /* ProcessViewModel.swift in Sources */ = {isa = PBXBuildFile; fileRef = C3AEE3DA2CAB4653002F60CE /* ProcessViewModel.swift */; };
		C3BB7C422D0DF167004CD800 /* TextStyles.swift in Sources */ = {isa = PBXBuildFile; fileRef = C3BB7C412D0DF167004CD800 /* TextStyles.swift */; };
		C3BDC13F2CB2BDCE00847363 /* PositionType.swift in Sources */ = {isa = PBXBuildFile; fileRef = C3BDC13E2CB2BDCE00847363 /* PositionType.swift */; };
		C3BDC1412CB2BDE800847363 /* OpacityType.swift in Sources */ = {isa = PBXBuildFile; fileRef = C3BDC1402CB2BDE800847363 /* OpacityType.swift */; };
		C3BDC1432CB32F5700847363 /* NavigationBackButtonModifier.swift in Sources */ = {isa = PBXBuildFile; fileRef = C3BDC1422CB32F5700847363 /* NavigationBackButtonModifier.swift */; };
		C3C476D72C593C11009D718D /* ProcessView.swift in Sources */ = {isa = PBXBuildFile; fileRef = C3C476D62C593C11009D718D /* ProcessView.swift */; };
		C3C476D92C595876009D718D /* AESConfiguration.swift in Sources */ = {isa = PBXBuildFile; fileRef = C3C476D82C595876009D718D /* AESConfiguration.swift */; };
		C3C476DB2C5958FC009D718D /* AESConstants.swift in Sources */ = {isa = PBXBuildFile; fileRef = C3C476DA2C5958FC009D718D /* AESConstants.swift */; };
		C3C476DD2C595E45009D718D /* KeyView.swift in Sources */ = {isa = PBXBuildFile; fileRef = C3C476DC2C595E45009D718D /* KeyView.swift */; };
		C3CD1D3F2CA9D732006C9804 /* ShiftRowRound.swift in Sources */ = {isa = PBXBuildFile; fileRef = C3CD1D3E2CA9D732006C9804 /* ShiftRowRound.swift */; };
		C3CD1D412CA9DE5F006C9804 /* GenericDataView.swift in Sources */ = {isa = PBXBuildFile; fileRef = C3CD1D402CA9DE5F006C9804 /* GenericDataView.swift */; };
		C3CD1D442CA9E198006C9804 /* PlatformSpecificNavigationModifier.swift in Sources */ = {isa = PBXBuildFile; fileRef = C3CD1D432CA9E198006C9804 /* PlatformSpecificNavigationModifier.swift */; };
		C3CD1D462CA9E27F006C9804 /* ShiftRowsHistory.swift in Sources */ = {isa = PBXBuildFile; fileRef = C3CD1D452CA9E27F006C9804 /* ShiftRowsHistory.swift */; };
		C3CFC3702CD13E61006AD1BA /* SheetContainerView.swift in Sources */ = {isa = PBXBuildFile; fileRef = C3CFC36F2CD13E61006AD1BA /* SheetContainerView.swift */; };
		C3E1F2BD2C7B347F0030B994 /* Position.swift in Sources */ = {isa = PBXBuildFile; fileRef = C3E1F2BC2C7B347F0030B994 /* Position.swift */; };
		C3E1F2C02C7B6ECE0030B994 /* KeyExpansionAnimationView.swift in Sources */ = {isa = PBXBuildFile; fileRef = C3E1F2BF2C7B6ECE0030B994 /* KeyExpansionAnimationView.swift */; };
		C3E1F2C22C7B6EE80030B994 /* KeyExpansionViewModel.swift in Sources */ = {isa = PBXBuildFile; fileRef = C3E1F2C12C7B6EE80030B994 /* KeyExpansionViewModel.swift */; };
		C3E1F2C42C7B6FF80030B994 /* OperationNames.swift in Sources */ = {isa = PBXBuildFile; fileRef = C3E1F2C32C7B6FF80030B994 /* OperationNames.swift */; };
/* End PBXBuildFile section */

/* Begin PBXContainerItemProxy section */
		C331511D2CA03AA40047B513 /* PBXContainerItemProxy */ = {
			isa = PBXContainerItemProxy;
			containerPortal = C37BA0732C397D5700C87BB7 /* Project object */;
			proxyType = 1;
			remoteGlobalIDString = C37BA07A2C397D5800C87BB7;
			remoteInfo = "AES-Visualization";
		};
/* End PBXContainerItemProxy section */

/* Begin PBXFileReference section */
		35E484282EC7F0B500D2DEA5 /* CustomToolbarButton.swift */ = {isa = PBXFileReference; lastKnownFileType = sourcecode.swift; path = CustomToolbarButton.swift; sourceTree = "<group>"; };
		35E4842C2EC7F48000D2DEA5 /* CustomToolbarToggle.swift */ = {isa = PBXFileReference; lastKnownFileType = sourcecode.swift; path = CustomToolbarToggle.swift; sourceTree = "<group>"; };
		C30E9AF92CBE43E100DF5AE5 /* SBoxAnimationView.swift */ = {isa = PBXFileReference; lastKnownFileType = sourcecode.swift; path = SBoxAnimationView.swift; sourceTree = "<group>"; };
		C30E9AFB2CBE458900DF5AE5 /* SBoxAnimationViewModel.swift */ = {isa = PBXFileReference; lastKnownFileType = sourcecode.swift; path = SBoxAnimationViewModel.swift; sourceTree = "<group>"; };
		C30E9AFD2CBECD1200DF5AE5 /* ByteExtension.swift */ = {isa = PBXFileReference; lastKnownFileType = sourcecode.swift; path = ByteExtension.swift; sourceTree = "<group>"; };
		C30E9AFF2CBECEAB00DF5AE5 /* StringExtension.swift */ = {isa = PBXFileReference; lastKnownFileType = sourcecode.swift; path = StringExtension.swift; sourceTree = "<group>"; };
		C30E9B012CBF00D400DF5AE5 /* SBoxRound.swift */ = {isa = PBXFileReference; lastKnownFileType = sourcecode.swift; path = SBoxRound.swift; sourceTree = "<group>"; };
		C310C9102C6FCA1000E91AB7 /* MixColumnsAnimationView.swift */ = {isa = PBXFileReference; lastKnownFileType = sourcecode.swift; path = MixColumnsAnimationView.swift; sourceTree = "<group>"; };
		C310C9142C714DED00E91AB7 /* MixColumnsViewModel.swift */ = {isa = PBXFileReference; lastKnownFileType = sourcecode.swift; path = MixColumnsViewModel.swift; sourceTree = "<group>"; };
		C310C9182C7152A200E91AB7 /* AnimationContainerView.swift */ = {isa = PBXFileReference; lastKnownFileType = sourcecode.swift; path = AnimationContainerView.swift; sourceTree = "<group>"; };
		C310C9242C72529200E91AB7 /* ColorExtensions.swift */ = {isa = PBXFileReference; lastKnownFileType = sourcecode.swift; path = ColorExtensions.swift; sourceTree = "<group>"; };
		C310C9262C72548800E91AB7 /* AddRoundKeyAnimationView.swift */ = {isa = PBXFileReference; lastKnownFileType = sourcecode.swift; path = AddRoundKeyAnimationView.swift; sourceTree = "<group>"; };
		C310C9282C7254BA00E91AB7 /* AddRoundKeyViewModel.swift */ = {isa = PBXFileReference; lastKnownFileType = sourcecode.swift; path = AddRoundKeyViewModel.swift; sourceTree = "<group>"; };
		C31E69BC2C8721B900230D22 /* Column.swift */ = {isa = PBXFileReference; lastKnownFileType = sourcecode.swift; path = Column.swift; sourceTree = "<group>"; };
		C31E69C02C872C3300230D22 /* AnimationControlsView.swift */ = {isa = PBXFileReference; lastKnownFileType = sourcecode.swift; path = AnimationControlsView.swift; sourceTree = "<group>"; };
		C31E69C22C887D9D00230D22 /* ShiftRowsHelper.swift */ = {isa = PBXFileReference; lastKnownFileType = sourcecode.swift; path = ShiftRowsHelper.swift; sourceTree = "<group>"; };
		C31E69C52C88988E00230D22 /* RoundKeyHistory.swift */ = {isa = PBXFileReference; lastKnownFileType = sourcecode.swift; path = RoundKeyHistory.swift; sourceTree = "<group>"; };
		C31E69C72C88BF7400230D22 /* AnimationStep.swift */ = {isa = PBXFileReference; lastKnownFileType = sourcecode.swift; path = AnimationStep.swift; sourceTree = "<group>"; };
		C31E69C92C88BF9A00230D22 /* KeyExpansionRound.swift */ = {isa = PBXFileReference; lastKnownFileType = sourcecode.swift; path = KeyExpansionRound.swift; sourceTree = "<group>"; };
		C32554B32CFB38EA00CDFC8B /* SafariWebView.swift */ = {isa = PBXFileReference; lastKnownFileType = sourcecode.swift; path = SafariWebView.swift; sourceTree = "<group>"; };
		C32554B52CFB546F00CDFC8B /* WelcomeView.swift */ = {isa = PBXFileReference; lastKnownFileType = sourcecode.swift; path = WelcomeView.swift; sourceTree = "<group>"; };
		C32554B72CFB7C5100CDFC8B /* AuthorMessage.swift */ = {isa = PBXFileReference; lastKnownFileType = sourcecode.swift; path = AuthorMessage.swift; sourceTree = "<group>"; };
		C329B5212CDAD63300AD7E2F /* Localizable.xcstrings */ = {isa = PBXFileReference; lastKnownFileType = text.json.xcstrings; path = Localizable.xcstrings; sourceTree = "<group>"; };
		C329DF752CDE529400959851 /* HSAalenLogo.swift */ = {isa = PBXFileReference; lastKnownFileType = sourcecode.swift; path = HSAalenLogo.swift; sourceTree = "<group>"; };
		C33151192CA03AA40047B513 /* Tests.xctest */ = {isa = PBXFileReference; explicitFileType = wrapper.cfbundle; includeInIndex = 0; path = Tests.xctest; sourceTree = BUILT_PRODUCTS_DIR; };
		C33194DF2CB1AF010036F830 /* ProcessPhaseAnimation.swift */ = {isa = PBXFileReference; lastKnownFileType = sourcecode.swift; path = ProcessPhaseAnimation.swift; sourceTree = "<group>"; };
		C33940192C56D76A008802BC /* EditableMatrix.swift */ = {isa = PBXFileReference; lastKnownFileType = sourcecode.swift; path = EditableMatrix.swift; sourceTree = "<group>"; };
		C339401C2C56D7C6008802BC /* DataTypes.swift */ = {isa = PBXFileReference; lastKnownFileType = sourcecode.swift; path = DataTypes.swift; sourceTree = "<group>"; };
		C339401E2C56D7DB008802BC /* AESMath.swift */ = {isa = PBXFileReference; lastKnownFileType = sourcecode.swift; path = AESMath.swift; sourceTree = "<group>"; };
		C33940202C56D839008802BC /* AESKeySchedule.swift */ = {isa = PBXFileReference; lastKnownFileType = sourcecode.swift; path = AESKeySchedule.swift; sourceTree = "<group>"; };
		C33940222C56D859008802BC /* AESState.swift */ = {isa = PBXFileReference; lastKnownFileType = sourcecode.swift; path = AESState.swift; sourceTree = "<group>"; };
		C33940242C56D875008802BC /* AESCipher.swift */ = {isa = PBXFileReference; lastKnownFileType = sourcecode.swift; path = AESCipher.swift; sourceTree = "<group>"; };
		C33A3C152CCA497D004CF720 /* SecondaryButtonStyle.swift */ = {isa = PBXFileReference; lastKnownFileType = sourcecode.swift; path = SecondaryButtonStyle.swift; sourceTree = "<group>"; };
		C33A3C182CCA97CD004CF720 /* PrimaryButtonStyle.swift */ = {isa = PBXFileReference; lastKnownFileType = sourcecode.swift; path = PrimaryButtonStyle.swift; sourceTree = "<group>"; };
		C33A3C212CCB8310004CF720 /* PressEffectModifier.swift */ = {isa = PBXFileReference; lastKnownFileType = sourcecode.swift; path = PressEffectModifier.swift; sourceTree = "<group>"; };
		C33A3C252CCB87DA004CF720 /* CustomNavigationButton.swift */ = {isa = PBXFileReference; lastKnownFileType = sourcecode.swift; path = CustomNavigationButton.swift; sourceTree = "<group>"; };
		C33A3C272CCB8C03004CF720 /* StandardButtonStyle.swift */ = {isa = PBXFileReference; lastKnownFileType = sourcecode.swift; path = StandardButtonStyle.swift; sourceTree = "<group>"; };
		C33A3C292CCB8EA7004CF720 /* CustomLabelView.swift */ = {isa = PBXFileReference; lastKnownFileType = sourcecode.swift; path = CustomLabelView.swift; sourceTree = "<group>"; };
		C33A3C2B2CCBE676004CF720 /* HighlightEffectModifier.swift */ = {isa = PBXFileReference; lastKnownFileType = sourcecode.swift; path = HighlightEffectModifier.swift; sourceTree = "<group>"; };
		C33A3C2F2CCD93D4004CF720 /* SettingsViewModel.swift */ = {isa = PBXFileReference; lastKnownFileType = sourcecode.swift; path = SettingsViewModel.swift; sourceTree = "<group>"; };
		C33E45072C7A9B2100F38593 /* OperationSymbol.swift */ = {isa = PBXFileReference; lastKnownFileType = sourcecode.swift; path = OperationSymbol.swift; sourceTree = "<group>"; };
		C33E45092C7A9D0800F38593 /* StateView.swift */ = {isa = PBXFileReference; lastKnownFileType = sourcecode.swift; path = StateView.swift; sourceTree = "<group>"; };
		C34310102C9373DA0004F4C7 /* AnimationViewModelProtocol.swift */ = {isa = PBXFileReference; lastKnownFileType = sourcecode.swift; path = AnimationViewModelProtocol.swift; sourceTree = "<group>"; };
		C34310122C948AA10004F4C7 /* OperationDetails.swift */ = {isa = PBXFileReference; lastKnownFileType = sourcecode.swift; path = OperationDetails.swift; sourceTree = "<group>"; };
		C34310142C948AB10004F4C7 /* AnimationControl.swift */ = {isa = PBXFileReference; lastKnownFileType = sourcecode.swift; path = AnimationControl.swift; sourceTree = "<group>"; };
		C346320A2D011CC600149FE3 /* AnimationControlEnums.swift */ = {isa = PBXFileReference; lastKnownFileType = sourcecode.swift; path = AnimationControlEnums.swift; sourceTree = "<group>"; };
		C34A85F72CDFBF7000CF3BAE /* StorageKeys.swift */ = {isa = PBXFileReference; lastKnownFileType = sourcecode.swift; path = StorageKeys.swift; sourceTree = "<group>"; };
		C351F31E2C8C605D000890AF /* AppScheme.swift */ = {isa = PBXFileReference; lastKnownFileType = sourcecode.swift; path = AppScheme.swift; sourceTree = "<group>"; };
		C35F80252CAAA40F00C54393 /* CipherRound.swift */ = {isa = PBXFileReference; lastKnownFileType = sourcecode.swift; path = CipherRound.swift; sourceTree = "<group>"; };
		C362CBFD2D062296008A8954 /* WarningView.swift */ = {isa = PBXFileReference; lastKnownFileType = sourcecode.swift; path = WarningView.swift; sourceTree = "<group>"; };
		C362CBFF2D0625A9008A8954 /* DeviceDetector.swift */ = {isa = PBXFileReference; lastKnownFileType = sourcecode.swift; path = DeviceDetector.swift; sourceTree = "<group>"; };
		C36566352C61F6BD007A4A1E /* SettingsView.swift */ = {isa = PBXFileReference; lastKnownFileType = sourcecode.swift; path = SettingsView.swift; sourceTree = "<group>"; };
		C371552D2D24093900E3ADCF /* LayoutStyles.swift */ = {isa = PBXFileReference; lastKnownFileType = sourcecode.swift; path = LayoutStyles.swift; sourceTree = "<group>"; };
		C371552F2D240BDE00E3ADCF /* PositionTrackingModifier.swift */ = {isa = PBXFileReference; lastKnownFileType = sourcecode.swift; path = PositionTrackingModifier.swift; sourceTree = "<group>"; };
		C37BA07B2C397D5800C87BB7 /* AES-Visualization.app */ = {isa = PBXFileReference; explicitFileType = wrapper.application; includeInIndex = 0; path = "AES-Visualization.app"; sourceTree = BUILT_PRODUCTS_DIR; };
		C37BA07E2C397D5800C87BB7 /* AESAnimationsApp.swift */ = {isa = PBXFileReference; lastKnownFileType = sourcecode.swift; path = AESAnimationsApp.swift; sourceTree = "<group>"; };
		C37BA0802C397D5800C87BB7 /* MainView.swift */ = {isa = PBXFileReference; lastKnownFileType = sourcecode.swift; path = MainView.swift; sourceTree = "<group>"; };
		C37BA0822C397D5900C87BB7 /* Assets.xcassets */ = {isa = PBXFileReference; lastKnownFileType = folder.assetcatalog; path = Assets.xcassets; sourceTree = "<group>"; };
		C37BA0842C397D5900C87BB7 /* AESAnimations.entitlements */ = {isa = PBXFileReference; lastKnownFileType = text.plist.entitlements; path = AESAnimations.entitlements; sourceTree = "<group>"; };
		C37BA0862C397D5900C87BB7 /* Preview Assets.xcassets */ = {isa = PBXFileReference; lastKnownFileType = folder.assetcatalog; path = "Preview Assets.xcassets"; sourceTree = "<group>"; };
		C37BA08D2C39882F00C87BB7 /* SubBytesAnimationView.swift */ = {isa = PBXFileReference; lastKnownFileType = sourcecode.swift; path = SubBytesAnimationView.swift; sourceTree = "<group>"; };
		C38734D92C68DAD000E835DB /* PrimaryColor.swift */ = {isa = PBXFileReference; lastKnownFileType = sourcecode.swift; path = PrimaryColor.swift; sourceTree = "<group>"; };
		C38734DB2C68DC5D00E835DB /* Matrix.swift */ = {isa = PBXFileReference; lastKnownFileType = sourcecode.swift; path = Matrix.swift; sourceTree = "<group>"; };
		C38734DD2C6921DD00E835DB /* CustomButton.swift */ = {isa = PBXFileReference; lastKnownFileType = sourcecode.swift; path = CustomButton.swift; sourceTree = "<group>"; };
		C38734E32C692E7600E835DB /* SBoxView.swift */ = {isa = PBXFileReference; lastKnownFileType = sourcecode.swift; path = SBoxView.swift; sourceTree = "<group>"; };
		C38734E62C692F2000E835DB /* ViewExtensions.swift */ = {isa = PBXFileReference; lastKnownFileType = sourcecode.swift; path = ViewExtensions.swift; sourceTree = "<group>"; };
		C38734E82C692FA100E835DB /* CellView.swift */ = {isa = PBXFileReference; lastKnownFileType = sourcecode.swift; path = CellView.swift; sourceTree = "<group>"; };
		C38734F12C6943E600E835DB /* ShiftRowsAnimationView.swift */ = {isa = PBXFileReference; lastKnownFileType = sourcecode.swift; path = ShiftRowsAnimationView.swift; sourceTree = "<group>"; };
		C38734F32C6E2BB500E835DB /* ArrayExtensions.swift */ = {isa = PBXFileReference; lastKnownFileType = sourcecode.swift; path = ArrayExtensions.swift; sourceTree = "<group>"; };
		C38734F52C6EA47F00E835DB /* SubBytesViewModel.swift */ = {isa = PBXFileReference; lastKnownFileType = sourcecode.swift; path = SubBytesViewModel.swift; sourceTree = "<group>"; };
		C38734FD2C6EAADF00E835DB /* ShiftRowsViewModel.swift */ = {isa = PBXFileReference; lastKnownFileType = sourcecode.swift; path = ShiftRowsViewModel.swift; sourceTree = "<group>"; };
		C38734FF2C6EABFA00E835DB /* KeyViewModel.swift */ = {isa = PBXFileReference; lastKnownFileType = sourcecode.swift; path = KeyViewModel.swift; sourceTree = "<group>"; };
		C38735012C6EACBE00E835DB /* MainViewModel.swift */ = {isa = PBXFileReference; lastKnownFileType = sourcecode.swift; path = MainViewModel.swift; sourceTree = "<group>"; };
		C38AD2B52CB747E900001702 /* ValueFormat.swift */ = {isa = PBXFileReference; lastKnownFileType = sourcecode.swift; path = ValueFormat.swift; sourceTree = "<group>"; };
		C38B28B22CB4092900FCE203 /* README.md */ = {isa = PBXFileReference; lastKnownFileType = net.daringfireball.markdown; path = README.md; sourceTree = "<group>"; };
		C38B28D22CB44FFA00FCE203 /* AuthorView.swift */ = {isa = PBXFileReference; lastKnownFileType = sourcecode.swift; path = AuthorView.swift; sourceTree = "<group>"; };
		C38ED05E2CD191720023C4F9 /* AnimationData.swift */ = {isa = PBXFileReference; lastKnownFileType = sourcecode.swift; path = AnimationData.swift; sourceTree = "<group>"; };
		C3A0F4AF2CDBF98400C0C9DE /* SettingsConfigurations.swift */ = {isa = PBXFileReference; lastKnownFileType = sourcecode.swift; path = SettingsConfigurations.swift; sourceTree = "<group>"; };
		C3AEE3D62CAB19F4002F60CE /* CipherHistory.swift */ = {isa = PBXFileReference; lastKnownFileType = sourcecode.swift; path = CipherHistory.swift; sourceTree = "<group>"; };
		C3AEE3DA2CAB4653002F60CE /* ProcessViewModel.swift */ = {isa = PBXFileReference; lastKnownFileType = sourcecode.swift; path = ProcessViewModel.swift; sourceTree = "<group>"; };
		C3BB7C412D0DF167004CD800 /* TextStyles.swift */ = {isa = PBXFileReference; lastKnownFileType = sourcecode.swift; path = TextStyles.swift; sourceTree = "<group>"; };
		C3BDC13E2CB2BDCE00847363 /* PositionType.swift */ = {isa = PBXFileReference; lastKnownFileType = sourcecode.swift; path = PositionType.swift; sourceTree = "<group>"; };
		C3BDC1402CB2BDE800847363 /* OpacityType.swift */ = {isa = PBXFileReference; lastKnownFileType = sourcecode.swift; path = OpacityType.swift; sourceTree = "<group>"; };
		C3BDC1422CB32F5700847363 /* NavigationBackButtonModifier.swift */ = {isa = PBXFileReference; lastKnownFileType = sourcecode.swift; path = NavigationBackButtonModifier.swift; sourceTree = "<group>"; };
		C3C476D62C593C11009D718D /* ProcessView.swift */ = {isa = PBXFileReference; lastKnownFileType = sourcecode.swift; path = ProcessView.swift; sourceTree = "<group>"; };
		C3C476D82C595876009D718D /* AESConfiguration.swift */ = {isa = PBXFileReference; lastKnownFileType = sourcecode.swift; path = AESConfiguration.swift; sourceTree = "<group>"; };
		C3C476DA2C5958FC009D718D /* AESConstants.swift */ = {isa = PBXFileReference; lastKnownFileType = sourcecode.swift; path = AESConstants.swift; sourceTree = "<group>"; };
		C3C476DC2C595E45009D718D /* KeyView.swift */ = {isa = PBXFileReference; lastKnownFileType = sourcecode.swift; path = KeyView.swift; sourceTree = "<group>"; };
		C3CD1D3E2CA9D732006C9804 /* ShiftRowRound.swift */ = {isa = PBXFileReference; lastKnownFileType = sourcecode.swift; path = ShiftRowRound.swift; sourceTree = "<group>"; };
		C3CD1D402CA9DE5F006C9804 /* GenericDataView.swift */ = {isa = PBXFileReference; lastKnownFileType = sourcecode.swift; path = GenericDataView.swift; sourceTree = "<group>"; };
		C3CD1D432CA9E198006C9804 /* PlatformSpecificNavigationModifier.swift */ = {isa = PBXFileReference; lastKnownFileType = sourcecode.swift; path = PlatformSpecificNavigationModifier.swift; sourceTree = "<group>"; };
		C3CD1D452CA9E27F006C9804 /* ShiftRowsHistory.swift */ = {isa = PBXFileReference; lastKnownFileType = sourcecode.swift; path = ShiftRowsHistory.swift; sourceTree = "<group>"; };
		C3CFC36F2CD13E61006AD1BA /* SheetContainerView.swift */ = {isa = PBXFileReference; lastKnownFileType = sourcecode.swift; path = SheetContainerView.swift; sourceTree = "<group>"; };
		C3E1F2BC2C7B347F0030B994 /* Position.swift */ = {isa = PBXFileReference; lastKnownFileType = sourcecode.swift; path = Position.swift; sourceTree = "<group>"; };
		C3E1F2BF2C7B6ECE0030B994 /* KeyExpansionAnimationView.swift */ = {isa = PBXFileReference; lastKnownFileType = sourcecode.swift; path = KeyExpansionAnimationView.swift; sourceTree = "<group>"; };
		C3E1F2C12C7B6EE80030B994 /* KeyExpansionViewModel.swift */ = {isa = PBXFileReference; lastKnownFileType = sourcecode.swift; path = KeyExpansionViewModel.swift; sourceTree = "<group>"; };
		C3E1F2C32C7B6FF80030B994 /* OperationNames.swift */ = {isa = PBXFileReference; lastKnownFileType = sourcecode.swift; path = OperationNames.swift; sourceTree = "<group>"; };
/* End PBXFileReference section */

/* Begin PBXFileSystemSynchronizedRootGroup section */
		C32432BF2DA7D47D00D2575F /* Assets */ = {isa = PBXFileSystemSynchronizedRootGroup; explicitFileTypes = {}; explicitFolders = (); path = Assets; sourceTree = "<group>"; };
		C331511A2CA03AA40047B513 /* Tests */ = {isa = PBXFileSystemSynchronizedRootGroup; explicitFileTypes = {}; explicitFolders = (); path = Tests; sourceTree = "<group>"; };
/* End PBXFileSystemSynchronizedRootGroup section */

/* Begin PBXFrameworksBuildPhase section */
		C33151162CA03AA40047B513 /* Frameworks */ = {
			isa = PBXFrameworksBuildPhase;
			buildActionMask = 2147483647;
			files = (
			);
			runOnlyForDeploymentPostprocessing = 0;
		};
		C37BA0782C397D5800C87BB7 /* Frameworks */ = {
			isa = PBXFrameworksBuildPhase;
			buildActionMask = 2147483647;
			files = (
			);
			runOnlyForDeploymentPostprocessing = 0;
		};
/* End PBXFrameworksBuildPhase section */

/* Begin PBXGroup section */
		C310C91A2C7152F700E91AB7 /* Protocols */ = {
			isa = PBXGroup;
			children = (
				C34310102C9373DA0004F4C7 /* AnimationViewModelProtocol.swift */,
			);
			path = Protocols;
			sourceTree = "<group>";
		};
		C31E69C42C88988100230D22 /* Attachments */ = {
			isa = PBXGroup;
			children = (
				C3CD1D402CA9DE5F006C9804 /* GenericDataView.swift */,
				C31E69C52C88988E00230D22 /* RoundKeyHistory.swift */,
				C3CD1D452CA9E27F006C9804 /* ShiftRowsHistory.swift */,
				C3AEE3D62CAB19F4002F60CE /* CipherHistory.swift */,
			);
			path = Attachments;
			sourceTree = "<group>";
		};
		C33940162C56D735008802BC /* Enums */ = {
			isa = PBXGroup;
			children = (
				C3C476D82C595876009D718D /* AESConfiguration.swift */,
				C3C476DA2C5958FC009D718D /* AESConstants.swift */,
				C38734D92C68DAD000E835DB /* PrimaryColor.swift */,
				C3E1F2C32C7B6FF80030B994 /* OperationNames.swift */,
				C351F31E2C8C605D000890AF /* AppScheme.swift */,
				C3BDC13E2CB2BDCE00847363 /* PositionType.swift */,
				C3BDC1402CB2BDE800847363 /* OpacityType.swift */,
				C38AD2B52CB747E900001702 /* ValueFormat.swift */,
				C3A0F4AF2CDBF98400C0C9DE /* SettingsConfigurations.swift */,
				C34A85F72CDFBF7000CF3BAE /* StorageKeys.swift */,
				C346320A2D011CC600149FE3 /* AnimationControlEnums.swift */,
			);
			path = Enums;
			sourceTree = "<group>";
		};
		C339401B2C56D796008802BC /* AES-Architectur */ = {
			isa = PBXGroup;
			children = (
				C339401E2C56D7DB008802BC /* AESMath.swift */,
				C33940202C56D839008802BC /* AESKeySchedule.swift */,
				C33940222C56D859008802BC /* AESState.swift */,
				C33940242C56D875008802BC /* AESCipher.swift */,
			);
			path = "AES-Architectur";
			sourceTree = "<group>";
		};
		C33A3C172CCA97BF004CF720 /* Styles */ = {
			isa = PBXGroup;
			children = (
				C33A3C152CCA497D004CF720 /* SecondaryButtonStyle.swift */,
				C33A3C182CCA97CD004CF720 /* PrimaryButtonStyle.swift */,
				C33A3C272CCB8C03004CF720 /* StandardButtonStyle.swift */,
			);
			path = Styles;
			sourceTree = "<group>";
		};
		C33A3C1C2CCB7FF1004CF720 /* Buttons */ = {
			isa = PBXGroup;
			children = (
				C38734DD2C6921DD00E835DB /* CustomButton.swift */,
				C33A3C252CCB87DA004CF720 /* CustomNavigationButton.swift */,
				35E484282EC7F0B500D2DEA5 /* CustomToolbarButton.swift */,
				35E4842C2EC7F48000D2DEA5 /* CustomToolbarToggle.swift */,
			);
			path = Buttons;
			sourceTree = "<group>";
		};
		C33E45062C7A6E9800F38593 /* Operations */ = {
			isa = PBXGroup;
			children = (
				C38734F52C6EA47F00E835DB /* SubBytesViewModel.swift */,
				C38734FD2C6EAADF00E835DB /* ShiftRowsViewModel.swift */,
				C310C9142C714DED00E91AB7 /* MixColumnsViewModel.swift */,
				C310C9282C7254BA00E91AB7 /* AddRoundKeyViewModel.swift */,
				C3E1F2C12C7B6EE80030B994 /* KeyExpansionViewModel.swift */,
			);
			path = Operations;
			sourceTree = "<group>";
		};
		C36566372C6202C9007A4A1E /* ViewModels */ = {
			isa = PBXGroup;
			children = (
				C33E45062C7A6E9800F38593 /* Operations */,
				C38734FF2C6EABFA00E835DB /* KeyViewModel.swift */,
				C38735012C6EACBE00E835DB /* MainViewModel.swift */,
				C3AEE3DA2CAB4653002F60CE /* ProcessViewModel.swift */,
				C30E9AFB2CBE458900DF5AE5 /* SBoxAnimationViewModel.swift */,
				C33A3C2F2CCD93D4004CF720 /* SettingsViewModel.swift */,
			);
			path = ViewModels;
			sourceTree = "<group>";
		};
		C37BA0722C397D5700C87BB7 = {
			isa = PBXGroup;
			children = (
				C38B28B22CB4092900FCE203 /* README.md */,
				C32432BF2DA7D47D00D2575F /* Assets */,
				C37BA07D2C397D5800C87BB7 /* AESAnimations */,
				C331511A2CA03AA40047B513 /* Tests */,
				C37BA07C2C397D5800C87BB7 /* Products */,
			);
			sourceTree = "<group>";
		};
		C37BA07C2C397D5800C87BB7 /* Products */ = {
			isa = PBXGroup;
			children = (
				C37BA07B2C397D5800C87BB7 /* AES-Visualization.app */,
				C33151192CA03AA40047B513 /* Tests.xctest */,
			);
			name = Products;
			sourceTree = "<group>";
		};
		C37BA07D2C397D5800C87BB7 /* AESAnimations */ = {
			isa = PBXGroup;
			children = (
				C339401C2C56D7C6008802BC /* DataTypes.swift */,
				C33A3C172CCA97BF004CF720 /* Styles */,
				C3CD1D422CA9E186006C9804 /* ViewModifiers */,
				C310C91A2C7152F700E91AB7 /* Protocols */,
				C38734DF2C69285D00E835DB /* Classes */,
				C38734E52C692F1300E835DB /* Extensions */,
				C33940162C56D735008802BC /* Enums */,
				C38734D62C68DA7D00E835DB /* MVVM */,
				C37BA07E2C397D5800C87BB7 /* AESAnimationsApp.swift */,
				C37BA0822C397D5900C87BB7 /* Assets.xcassets */,
				C37BA0842C397D5900C87BB7 /* AESAnimations.entitlements */,
				C37BA0852C397D5900C87BB7 /* Preview Content */,
				C329B5212CDAD63300AD7E2F /* Localizable.xcstrings */,
			);
			path = AESAnimations;
			sourceTree = "<group>";
		};
		C37BA0852C397D5900C87BB7 /* Preview Content */ = {
			isa = PBXGroup;
			children = (
				C37BA0862C397D5900C87BB7 /* Preview Assets.xcassets */,
			);
			path = "Preview Content";
			sourceTree = "<group>";
		};
		C38734D62C68DA7D00E835DB /* MVVM */ = {
			isa = PBXGroup;
			children = (
				C3E1F2BB2C7B34750030B994 /* Models */,
				C38734D72C68DA8700E835DB /* Views */,
				C36566372C6202C9007A4A1E /* ViewModels */,
			);
			path = MVVM;
			sourceTree = "<group>";
		};
		C38734D72C68DA8700E835DB /* Views */ = {
			isa = PBXGroup;
			children = (
				C3CE60A42CA8A442004247F3 /* Containers */,
				C38734E22C6928EC00E835DB /* Screens */,
				C38734D82C68DA8B00E835DB /* Components */,
			);
			path = Views;
			sourceTree = "<group>";
		};
		C38734D82C68DA8B00E835DB /* Components */ = {
			isa = PBXGroup;
			children = (
				C33A3C1C2CCB7FF1004CF720 /* Buttons */,
				C33A3C292CCB8EA7004CF720 /* CustomLabelView.swift */,
				C33940192C56D76A008802BC /* EditableMatrix.swift */,
				C38734E32C692E7600E835DB /* SBoxView.swift */,
				C38734E82C692FA100E835DB /* CellView.swift */,
				C33E45072C7A9B2100F38593 /* OperationSymbol.swift */,
				C33E45092C7A9D0800F38593 /* StateView.swift */,
				C31E69BC2C8721B900230D22 /* Column.swift */,
				C31E69C02C872C3300230D22 /* AnimationControlsView.swift */,
				C329DF752CDE529400959851 /* HSAalenLogo.swift */,
				C32554B32CFB38EA00CDFC8B /* SafariWebView.swift */,
				C32554B72CFB7C5100CDFC8B /* AuthorMessage.swift */,
			);
			path = Components;
			sourceTree = "<group>";
		};
		C38734DF2C69285D00E835DB /* Classes */ = {
			isa = PBXGroup;
			children = (
				C339401B2C56D796008802BC /* AES-Architectur */,
				C38734DB2C68DC5D00E835DB /* Matrix.swift */,
				C31E69C22C887D9D00230D22 /* ShiftRowsHelper.swift */,
			);
			path = Classes;
			sourceTree = "<group>";
		};
		C38734E22C6928EC00E835DB /* Screens */ = {
			isa = PBXGroup;
			children = (
				C31E69C42C88988100230D22 /* Attachments */,
				C38734F92C6EA63F00E835DB /* Operations */,
				C30E9AF92CBE43E100DF5AE5 /* SBoxAnimationView.swift */,
				C37BA0802C397D5800C87BB7 /* MainView.swift */,
				C3C476DC2C595E45009D718D /* KeyView.swift */,
				C3C476D62C593C11009D718D /* ProcessView.swift */,
				C36566352C61F6BD007A4A1E /* SettingsView.swift */,
				C38B28D22CB44FFA00FCE203 /* AuthorView.swift */,
				C32554B52CFB546F00CDFC8B /* WelcomeView.swift */,
				C362CBFD2D062296008A8954 /* WarningView.swift */,
			);
			path = Screens;
			sourceTree = "<group>";
		};
		C38734E52C692F1300E835DB /* Extensions */ = {
			isa = PBXGroup;
			children = (
				C38734E62C692F2000E835DB /* ViewExtensions.swift */,
				C38734F32C6E2BB500E835DB /* ArrayExtensions.swift */,
				C310C9242C72529200E91AB7 /* ColorExtensions.swift */,
				C30E9AFD2CBECD1200DF5AE5 /* ByteExtension.swift */,
				C30E9AFF2CBECEAB00DF5AE5 /* StringExtension.swift */,
			);
			path = Extensions;
			sourceTree = "<group>";
		};
		C38734F92C6EA63F00E835DB /* Operations */ = {
			isa = PBXGroup;
			children = (
				C3E1F2BF2C7B6ECE0030B994 /* KeyExpansionAnimationView.swift */,
				C38734F12C6943E600E835DB /* ShiftRowsAnimationView.swift */,
				C310C9262C72548800E91AB7 /* AddRoundKeyAnimationView.swift */,
				C310C9102C6FCA1000E91AB7 /* MixColumnsAnimationView.swift */,
				C37BA08D2C39882F00C87BB7 /* SubBytesAnimationView.swift */,
			);
			path = Operations;
			sourceTree = "<group>";
		};
		C3CD1D422CA9E186006C9804 /* ViewModifiers */ = {
			isa = PBXGroup;
			children = (
				C3CD1D432CA9E198006C9804 /* PlatformSpecificNavigationModifier.swift */,
				C3BDC1422CB32F5700847363 /* NavigationBackButtonModifier.swift */,
				C33A3C212CCB8310004CF720 /* PressEffectModifier.swift */,
				C33A3C2B2CCBE676004CF720 /* HighlightEffectModifier.swift */,
				C371552F2D240BDE00E3ADCF /* PositionTrackingModifier.swift */,
			);
			path = ViewModifiers;
			sourceTree = "<group>";
		};
		C3CE60A42CA8A442004247F3 /* Containers */ = {
			isa = PBXGroup;
			children = (
				C310C9182C7152A200E91AB7 /* AnimationContainerView.swift */,
				C3CFC36F2CD13E61006AD1BA /* SheetContainerView.swift */,
			);
			path = Containers;
			sourceTree = "<group>";
		};
		C3E1F2BB2C7B34750030B994 /* Models */ = {
			isa = PBXGroup;
			children = (
				C3E1F2BC2C7B347F0030B994 /* Position.swift */,
				C31E69C72C88BF7400230D22 /* AnimationStep.swift */,
				C31E69C92C88BF9A00230D22 /* KeyExpansionRound.swift */,
				C34310122C948AA10004F4C7 /* OperationDetails.swift */,
				C34310142C948AB10004F4C7 /* AnimationControl.swift */,
				C3CD1D3E2CA9D732006C9804 /* ShiftRowRound.swift */,
				C35F80252CAAA40F00C54393 /* CipherRound.swift */,
				C33194DF2CB1AF010036F830 /* ProcessPhaseAnimation.swift */,
				C30E9B012CBF00D400DF5AE5 /* SBoxRound.swift */,
				C38ED05E2CD191720023C4F9 /* AnimationData.swift */,
				C362CBFF2D0625A9008A8954 /* DeviceDetector.swift */,
				C3BB7C412D0DF167004CD800 /* TextStyles.swift */,
				C371552D2D24093900E3ADCF /* LayoutStyles.swift */,
			);
			path = Models;
			sourceTree = "<group>";
		};
/* End PBXGroup section */

/* Begin PBXNativeTarget section */
		C33151182CA03AA40047B513 /* Tests */ = {
			isa = PBXNativeTarget;
			buildConfigurationList = C331511F2CA03AA40047B513 /* Build configuration list for PBXNativeTarget "Tests" */;
			buildPhases = (
				C33151152CA03AA40047B513 /* Sources */,
				C33151162CA03AA40047B513 /* Frameworks */,
				C33151172CA03AA40047B513 /* Resources */,
			);
			buildRules = (
			);
			dependencies = (
				C331511E2CA03AA40047B513 /* PBXTargetDependency */,
			);
			fileSystemSynchronizedGroups = (
				C32432BF2DA7D47D00D2575F /* Assets */,
				C331511A2CA03AA40047B513 /* Tests */,
			);
			name = Tests;
			packageProductDependencies = (
			);
			productName = "AES-ArchitectureTests";
			productReference = C33151192CA03AA40047B513 /* Tests.xctest */;
			productType = "com.apple.product-type.bundle.unit-test";
		};
		C37BA07A2C397D5800C87BB7 /* AES-Visualization */ = {
			isa = PBXNativeTarget;
			buildConfigurationList = C37BA08A2C397D5900C87BB7 /* Build configuration list for PBXNativeTarget "AES-Visualization" */;
			buildPhases = (
				C37BA0772C397D5800C87BB7 /* Sources */,
				C37BA0782C397D5800C87BB7 /* Frameworks */,
				C37BA0792C397D5800C87BB7 /* Resources */,
			);
			buildRules = (
			);
			dependencies = (
			);
			name = "AES-Visualization";
			packageProductDependencies = (
			);
			productName = AESAnimations;
			productReference = C37BA07B2C397D5800C87BB7 /* AES-Visualization.app */;
			productType = "com.apple.product-type.application";
		};
/* End PBXNativeTarget section */

/* Begin PBXProject section */
		C37BA0732C397D5700C87BB7 /* Project object */ = {
			isa = PBXProject;
			attributes = {
				BuildIndependentTargetsInParallel = 1;
				LastSwiftUpdateCheck = 1600;
				LastUpgradeCheck = 1610;
				TargetAttributes = {
					C33151182CA03AA40047B513 = {
						CreatedOnToolsVersion = 16.0;
						TestTargetID = C37BA07A2C397D5800C87BB7;
					};
					C37BA07A2C397D5800C87BB7 = {
						CreatedOnToolsVersion = 15.4;
					};
				};
			};
			buildConfigurationList = C37BA0762C397D5700C87BB7 /* Build configuration list for PBXProject "AES-Visualization" */;
			compatibilityVersion = "Xcode 14.0";
			developmentRegion = de;
			hasScannedForEncodings = 0;
			knownRegions = (
				en,
				de,
				Base,
			);
			mainGroup = C37BA0722C397D5700C87BB7;
			packageReferences = (
			);
			productRefGroup = C37BA07C2C397D5800C87BB7 /* Products */;
			projectDirPath = "";
			projectRoot = "";
			targets = (
				C37BA07A2C397D5800C87BB7 /* AES-Visualization */,
				C33151182CA03AA40047B513 /* Tests */,
			);
		};
/* End PBXProject section */

/* Begin PBXResourcesBuildPhase section */
		C33151172CA03AA40047B513 /* Resources */ = {
			isa = PBXResourcesBuildPhase;
			buildActionMask = 2147483647;
			files = (
				C38B28B32CB4092900FCE203 /* README.md in Resources */,
			);
			runOnlyForDeploymentPostprocessing = 0;
		};
		C37BA0792C397D5800C87BB7 /* Resources */ = {
			isa = PBXResourcesBuildPhase;
			buildActionMask = 2147483647;
			files = (
				C37BA0872C397D5900C87BB7 /* Preview Assets.xcassets in Resources */,
				C37BA0832C397D5900C87BB7 /* Assets.xcassets in Resources */,
				C329B5222CDAD63300AD7E2F /* Localizable.xcstrings in Resources */,
			);
			runOnlyForDeploymentPostprocessing = 0;
		};
/* End PBXResourcesBuildPhase section */

/* Begin PBXSourcesBuildPhase section */
		C33151152CA03AA40047B513 /* Sources */ = {
			isa = PBXSourcesBuildPhase;
			buildActionMask = 2147483647;
			files = (
			);
			runOnlyForDeploymentPostprocessing = 0;
		};
		C37BA0772C397D5800C87BB7 /* Sources */ = {
			isa = PBXSourcesBuildPhase;
			buildActionMask = 2147483647;
			files = (
				C33A3C262CCB87DA004CF720 /* CustomNavigationButton.swift in Sources */,
				C3CD1D442CA9E198006C9804 /* PlatformSpecificNavigationModifier.swift in Sources */,
				C31E69C62C88988E00230D22 /* RoundKeyHistory.swift in Sources */,
				C38ED05F2CD191720023C4F9 /* AnimationData.swift in Sources */,
				C339401D2C56D7C6008802BC /* DataTypes.swift in Sources */,
				C310C9112C6FCA1000E91AB7 /* MixColumnsAnimationView.swift in Sources */,
				C31E69C32C887D9D00230D22 /* ShiftRowsHelper.swift in Sources */,
				C37BA0812C397D5800C87BB7 /* MainView.swift in Sources */,
				C30E9B022CBF00D400DF5AE5 /* SBoxRound.swift in Sources */,
				C34310112C9373DA0004F4C7 /* AnimationViewModelProtocol.swift in Sources */,
				C310C9152C714DED00E91AB7 /* MixColumnsViewModel.swift in Sources */,
				C35F80262CAAA40F00C54393 /* CipherRound.swift in Sources */,
				C3BB7C422D0DF167004CD800 /* TextStyles.swift in Sources */,
				C329DF762CDE529400959851 /* HSAalenLogo.swift in Sources */,
				C31E69C12C872C3300230D22 /* AnimationControlsView.swift in Sources */,
				C36566362C61F6BD007A4A1E /* SettingsView.swift in Sources */,
				C37BA08E2C39882F00C87BB7 /* SubBytesAnimationView.swift in Sources */,
				C33940232C56D859008802BC /* AESState.swift in Sources */,
				C3CD1D462CA9E27F006C9804 /* ShiftRowsHistory.swift in Sources */,
				C30E9AFA2CBE43E100DF5AE5 /* SBoxAnimationView.swift in Sources */,
				C310C9292C7254BA00E91AB7 /* AddRoundKeyViewModel.swift in Sources */,
				C38734F22C6943E600E835DB /* ShiftRowsAnimationView.swift in Sources */,
				C3E1F2C42C7B6FF80030B994 /* OperationNames.swift in Sources */,
				C371552E2D24093900E3ADCF /* LayoutStyles.swift in Sources */,
				C31E69BD2C8721B900230D22 /* Column.swift in Sources */,
				C3E1F2C22C7B6EE80030B994 /* KeyExpansionViewModel.swift in Sources */,
				C33A3C2C2CCBE676004CF720 /* HighlightEffectModifier.swift in Sources */,
				C346320B2D011CC600149FE3 /* AnimationControlEnums.swift in Sources */,
				C38734FE2C6EAADF00E835DB /* ShiftRowsViewModel.swift in Sources */,
				C33A3C222CCB8310004CF720 /* PressEffectModifier.swift in Sources */,
				C38AD2B62CB747E900001702 /* ValueFormat.swift in Sources */,
				C3CD1D412CA9DE5F006C9804 /* GenericDataView.swift in Sources */,
				C33A3C192CCA97CD004CF720 /* PrimaryButtonStyle.swift in Sources */,
				C33A3C2A2CCB8EA7004CF720 /* CustomLabelView.swift in Sources */,
				C34A85F82CDFBF7000CF3BAE /* StorageKeys.swift in Sources */,
				C3C476D92C595876009D718D /* AESConfiguration.swift in Sources */,
				35E4842D2EC7F48000D2DEA5 /* CustomToolbarToggle.swift in Sources */,
				C31E69C82C88BF7400230D22 /* AnimationStep.swift in Sources */,
				C3E1F2C02C7B6ECE0030B994 /* KeyExpansionAnimationView.swift in Sources */,
				C32554B42CFB38EA00CDFC8B /* SafariWebView.swift in Sources */,
				C38734F62C6EA47F00E835DB /* SubBytesViewModel.swift in Sources */,
				C3AEE3D72CAB19F4002F60CE /* CipherHistory.swift in Sources */,
				C3A0F4B02CDBF98400C0C9DE /* SettingsConfigurations.swift in Sources */,
				C32554B82CFB7C5100CDFC8B /* AuthorMessage.swift in Sources */,
				C37BA07F2C397D5800C87BB7 /* AESAnimationsApp.swift in Sources */,
				C30E9AFC2CBE458900DF5AE5 /* SBoxAnimationViewModel.swift in Sources */,
				35E484292EC7F0B500D2DEA5 /* CustomToolbarButton.swift in Sources */,
				C33940212C56D839008802BC /* AESKeySchedule.swift in Sources */,
				C37155302D240BDE00E3ADCF /* PositionTrackingModifier.swift in Sources */,
				C38734E72C692F2000E835DB /* ViewExtensions.swift in Sources */,
				C351F31F2C8C605D000890AF /* AppScheme.swift in Sources */,
				C3C476D72C593C11009D718D /* ProcessView.swift in Sources */,
				C33A3C302CCD93D4004CF720 /* SettingsViewModel.swift in Sources */,
				C38734DA2C68DAD000E835DB /* PrimaryColor.swift in Sources */,
				C339401A2C56D76A008802BC /* EditableMatrix.swift in Sources */,
				C3E1F2BD2C7B347F0030B994 /* Position.swift in Sources */,
				C310C9272C72548800E91AB7 /* AddRoundKeyAnimationView.swift in Sources */,
				C38734E42C692E7600E835DB /* SBoxView.swift in Sources */,
				C3BDC13F2CB2BDCE00847363 /* PositionType.swift in Sources */,
				C34310152C948AB10004F4C7 /* AnimationControl.swift in Sources */,
				C3CFC3702CD13E61006AD1BA /* SheetContainerView.swift in Sources */,
				C3BDC1432CB32F5700847363 /* NavigationBackButtonModifier.swift in Sources */,
				C362CC002D0625A9008A8954 /* DeviceDetector.swift in Sources */,
				C32554B62CFB546F00CDFC8B /* WelcomeView.swift in Sources */,
				C3BDC1412CB2BDE800847363 /* OpacityType.swift in Sources */,
				C33A3C162CCA497D004CF720 /* SecondaryButtonStyle.swift in Sources */,
				C30E9B002CBECEAB00DF5AE5 /* StringExtension.swift in Sources */,
				C362CBFE2D062296008A8954 /* WarningView.swift in Sources */,
				C38734DC2C68DC5D00E835DB /* Matrix.swift in Sources */,
				C33E45082C7A9B2100F38593 /* OperationSymbol.swift in Sources */,
				C38734E92C692FA100E835DB /* CellView.swift in Sources */,
				C310C9252C72529200E91AB7 /* ColorExtensions.swift in Sources */,
				C339401F2C56D7DB008802BC /* AESMath.swift in Sources */,
				C3C476DD2C595E45009D718D /* KeyView.swift in Sources */,
				C38734DE2C6921DD00E835DB /* CustomButton.swift in Sources */,
				C310C9192C7152A200E91AB7 /* AnimationContainerView.swift in Sources */,
				C33940252C56D875008802BC /* AESCipher.swift in Sources */,
				C38734F42C6E2BB500E835DB /* ArrayExtensions.swift in Sources */,
				C33194E02CB1AF010036F830 /* ProcessPhaseAnimation.swift in Sources */,
				C3CD1D3F2CA9D732006C9804 /* ShiftRowRound.swift in Sources */,
				C34310132C948AA10004F4C7 /* OperationDetails.swift in Sources */,
				C3C476DB2C5958FC009D718D /* AESConstants.swift in Sources */,
				C38B28D32CB44FFA00FCE203 /* AuthorView.swift in Sources */,
				C3AEE3DB2CAB4653002F60CE /* ProcessViewModel.swift in Sources */,
				C30E9AFE2CBECD1200DF5AE5 /* ByteExtension.swift in Sources */,
				C38735002C6EABFA00E835DB /* KeyViewModel.swift in Sources */,
				C33A3C282CCB8C03004CF720 /* StandardButtonStyle.swift in Sources */,
				C33E450A2C7A9D0800F38593 /* StateView.swift in Sources */,
				C38735022C6EACBE00E835DB /* MainViewModel.swift in Sources */,
				C31E69CA2C88BF9A00230D22 /* KeyExpansionRound.swift in Sources */,
			);
			runOnlyForDeploymentPostprocessing = 0;
		};
/* End PBXSourcesBuildPhase section */

/* Begin PBXTargetDependency section */
		C331511E2CA03AA40047B513 /* PBXTargetDependency */ = {
			isa = PBXTargetDependency;
			target = C37BA07A2C397D5800C87BB7 /* AES-Visualization */;
			targetProxy = C331511D2CA03AA40047B513 /* PBXContainerItemProxy */;
		};
/* End PBXTargetDependency section */

/* Begin XCBuildConfiguration section */
		C33151202CA03AA40047B513 /* Debug */ = {
			isa = XCBuildConfiguration;
			buildSettings = {
				BUNDLE_LOADER = "$(TEST_HOST)";
				CODE_SIGN_STYLE = Automatic;
				CURRENT_PROJECT_VERSION = 1;
				DEVELOPMENT_TEAM = H32DUB5NQD;
				GENERATE_INFOPLIST_FILE = YES;
				IPHONEOS_DEPLOYMENT_TARGET = 18.0;
				MACOSX_DEPLOYMENT_TARGET = 15.0;
				MARKETING_VERSION = 1.0;
				PRODUCT_BUNDLE_IDENTIFIER = "com.leonchamoun.AES-ArchitectureTests";
				PRODUCT_NAME = "$(TARGET_NAME)";
				SDKROOT = auto;
				SUPPORTED_PLATFORMS = "iphoneos iphonesimulator macosx";
				SUPPORTS_MACCATALYST = NO;
				SWIFT_EMIT_LOC_STRINGS = NO;
				SWIFT_VERSION = 5.0;
				TARGETED_DEVICE_FAMILY = 2;
				TEST_HOST = "$(BUILT_PRODUCTS_DIR)/AES-Visualization.app/$(BUNDLE_EXECUTABLE_FOLDER_PATH)/AES-Visualization";
				XROS_DEPLOYMENT_TARGET = 2.0;
			};
			name = Debug;
		};
		C33151212CA03AA40047B513 /* Release */ = {
			isa = XCBuildConfiguration;
			buildSettings = {
				BUNDLE_LOADER = "$(TEST_HOST)";
				CODE_SIGN_STYLE = Automatic;
				CURRENT_PROJECT_VERSION = 1;
				DEVELOPMENT_TEAM = H32DUB5NQD;
				GENERATE_INFOPLIST_FILE = YES;
				IPHONEOS_DEPLOYMENT_TARGET = 18.0;
				MACOSX_DEPLOYMENT_TARGET = 15.0;
				MARKETING_VERSION = 1.0;
				PRODUCT_BUNDLE_IDENTIFIER = "com.leonchamoun.AES-ArchitectureTests";
				PRODUCT_NAME = "$(TARGET_NAME)";
				SDKROOT = auto;
				SUPPORTED_PLATFORMS = "iphoneos iphonesimulator macosx";
				SUPPORTS_MACCATALYST = NO;
				SWIFT_EMIT_LOC_STRINGS = NO;
				SWIFT_VERSION = 5.0;
				TARGETED_DEVICE_FAMILY = 2;
				TEST_HOST = "$(BUILT_PRODUCTS_DIR)/AES-Visualization.app/$(BUNDLE_EXECUTABLE_FOLDER_PATH)/AES-Visualization";
				XROS_DEPLOYMENT_TARGET = 2.0;
			};
			name = Release;
		};
		C37BA0882C397D5900C87BB7 /* Debug */ = {
			isa = XCBuildConfiguration;
			buildSettings = {
				ALWAYS_SEARCH_USER_PATHS = NO;
				ASSETCATALOG_COMPILER_GENERATE_SWIFT_ASSET_SYMBOL_EXTENSIONS = YES;
				CLANG_ANALYZER_LOCALIZABILITY_NONLOCALIZED = YES;
				CLANG_ANALYZER_NONNULL = YES;
				CLANG_ANALYZER_NUMBER_OBJECT_CONVERSION = YES_AGGRESSIVE;
				CLANG_CXX_LANGUAGE_STANDARD = "gnu++20";
				CLANG_ENABLE_MODULES = YES;
				CLANG_ENABLE_OBJC_ARC = YES;
				CLANG_ENABLE_OBJC_WEAK = YES;
				CLANG_WARN_BLOCK_CAPTURE_AUTORELEASING = YES;
				CLANG_WARN_BOOL_CONVERSION = YES;
				CLANG_WARN_COMMA = YES;
				CLANG_WARN_CONSTANT_CONVERSION = YES;
				CLANG_WARN_DEPRECATED_OBJC_IMPLEMENTATIONS = YES;
				CLANG_WARN_DIRECT_OBJC_ISA_USAGE = YES_ERROR;
				CLANG_WARN_DOCUMENTATION_COMMENTS = YES;
				CLANG_WARN_EMPTY_BODY = YES;
				CLANG_WARN_ENUM_CONVERSION = YES;
				CLANG_WARN_INFINITE_RECURSION = YES;
				CLANG_WARN_INT_CONVERSION = YES;
				CLANG_WARN_NON_LITERAL_NULL_CONVERSION = YES;
				CLANG_WARN_OBJC_IMPLICIT_RETAIN_SELF = YES;
				CLANG_WARN_OBJC_LITERAL_CONVERSION = YES;
				CLANG_WARN_OBJC_ROOT_CLASS = YES_ERROR;
				CLANG_WARN_QUOTED_INCLUDE_IN_FRAMEWORK_HEADER = YES;
				CLANG_WARN_RANGE_LOOP_ANALYSIS = YES;
				CLANG_WARN_STRICT_PROTOTYPES = YES;
				CLANG_WARN_SUSPICIOUS_MOVE = YES;
				CLANG_WARN_UNGUARDED_AVAILABILITY = YES_AGGRESSIVE;
				CLANG_WARN_UNREACHABLE_CODE = YES;
				CLANG_WARN__DUPLICATE_METHOD_MATCH = YES;
				COPY_PHASE_STRIP = NO;
				DEAD_CODE_STRIPPING = YES;
				DEBUG_INFORMATION_FORMAT = dwarf;
				ENABLE_STRICT_OBJC_MSGSEND = YES;
				ENABLE_TESTABILITY = YES;
				ENABLE_USER_SCRIPT_SANDBOXING = YES;
				GCC_C_LANGUAGE_STANDARD = gnu17;
				GCC_DYNAMIC_NO_PIC = NO;
				GCC_NO_COMMON_BLOCKS = YES;
				GCC_OPTIMIZATION_LEVEL = 0;
				GCC_PREPROCESSOR_DEFINITIONS = (
					"DEBUG=1",
					"$(inherited)",
				);
				GCC_WARN_64_TO_32_BIT_CONVERSION = YES;
				GCC_WARN_ABOUT_RETURN_TYPE = YES_ERROR;
				GCC_WARN_UNDECLARED_SELECTOR = YES;
				GCC_WARN_UNINITIALIZED_AUTOS = YES_AGGRESSIVE;
				GCC_WARN_UNUSED_FUNCTION = YES;
				GCC_WARN_UNUSED_VARIABLE = YES;
				INFOPLIST_KEY_LSApplicationCategoryType = "public.app-category.education";
				INFOPLIST_KEY_UIRequiresFullScreen = YES;
				LOCALIZATION_PREFERS_STRING_CATALOGS = YES;
				MTL_ENABLE_DEBUG_INFO = INCLUDE_SOURCE;
				MTL_FAST_MATH = YES;
				ONLY_ACTIVE_ARCH = YES;
				SWIFT_ACTIVE_COMPILATION_CONDITIONS = "DEBUG $(inherited)";
				SWIFT_EMIT_LOC_STRINGS = YES;
				SWIFT_OPTIMIZATION_LEVEL = "-Onone";
			};
			name = Debug;
		};
		C37BA0892C397D5900C87BB7 /* Release */ = {
			isa = XCBuildConfiguration;
			buildSettings = {
				ALWAYS_SEARCH_USER_PATHS = NO;
				ASSETCATALOG_COMPILER_GENERATE_SWIFT_ASSET_SYMBOL_EXTENSIONS = YES;
				CLANG_ANALYZER_LOCALIZABILITY_NONLOCALIZED = YES;
				CLANG_ANALYZER_NONNULL = YES;
				CLANG_ANALYZER_NUMBER_OBJECT_CONVERSION = YES_AGGRESSIVE;
				CLANG_CXX_LANGUAGE_STANDARD = "gnu++20";
				CLANG_ENABLE_MODULES = YES;
				CLANG_ENABLE_OBJC_ARC = YES;
				CLANG_ENABLE_OBJC_WEAK = YES;
				CLANG_WARN_BLOCK_CAPTURE_AUTORELEASING = YES;
				CLANG_WARN_BOOL_CONVERSION = YES;
				CLANG_WARN_COMMA = YES;
				CLANG_WARN_CONSTANT_CONVERSION = YES;
				CLANG_WARN_DEPRECATED_OBJC_IMPLEMENTATIONS = YES;
				CLANG_WARN_DIRECT_OBJC_ISA_USAGE = YES_ERROR;
				CLANG_WARN_DOCUMENTATION_COMMENTS = YES;
				CLANG_WARN_EMPTY_BODY = YES;
				CLANG_WARN_ENUM_CONVERSION = YES;
				CLANG_WARN_INFINITE_RECURSION = YES;
				CLANG_WARN_INT_CONVERSION = YES;
				CLANG_WARN_NON_LITERAL_NULL_CONVERSION = YES;
				CLANG_WARN_OBJC_IMPLICIT_RETAIN_SELF = YES;
				CLANG_WARN_OBJC_LITERAL_CONVERSION = YES;
				CLANG_WARN_OBJC_ROOT_CLASS = YES_ERROR;
				CLANG_WARN_QUOTED_INCLUDE_IN_FRAMEWORK_HEADER = YES;
				CLANG_WARN_RANGE_LOOP_ANALYSIS = YES;
				CLANG_WARN_STRICT_PROTOTYPES = YES;
				CLANG_WARN_SUSPICIOUS_MOVE = YES;
				CLANG_WARN_UNGUARDED_AVAILABILITY = YES_AGGRESSIVE;
				CLANG_WARN_UNREACHABLE_CODE = YES;
				CLANG_WARN__DUPLICATE_METHOD_MATCH = YES;
				COPY_PHASE_STRIP = NO;
				DEAD_CODE_STRIPPING = YES;
				DEBUG_INFORMATION_FORMAT = "dwarf-with-dsym";
				ENABLE_NS_ASSERTIONS = NO;
				ENABLE_STRICT_OBJC_MSGSEND = YES;
				ENABLE_USER_SCRIPT_SANDBOXING = YES;
				GCC_C_LANGUAGE_STANDARD = gnu17;
				GCC_NO_COMMON_BLOCKS = YES;
				GCC_WARN_64_TO_32_BIT_CONVERSION = YES;
				GCC_WARN_ABOUT_RETURN_TYPE = YES_ERROR;
				GCC_WARN_UNDECLARED_SELECTOR = YES;
				GCC_WARN_UNINITIALIZED_AUTOS = YES_AGGRESSIVE;
				GCC_WARN_UNUSED_FUNCTION = YES;
				GCC_WARN_UNUSED_VARIABLE = YES;
				INFOPLIST_KEY_LSApplicationCategoryType = "public.app-category.education";
				INFOPLIST_KEY_UIRequiresFullScreen = YES;
				LOCALIZATION_PREFERS_STRING_CATALOGS = YES;
				MTL_ENABLE_DEBUG_INFO = NO;
				MTL_FAST_MATH = YES;
				SWIFT_COMPILATION_MODE = wholemodule;
				SWIFT_EMIT_LOC_STRINGS = YES;
			};
			name = Release;
		};
		C37BA08B2C397D5900C87BB7 /* Debug */ = {
			isa = XCBuildConfiguration;
			buildSettings = {
				ASSETCATALOG_COMPILER_APPICON_NAME = AppIcon;
				ASSETCATALOG_COMPILER_GLOBAL_ACCENT_COLOR_NAME = AccentColor;
				ASSETCATALOG_COMPILER_INCLUDE_ALL_APPICON_ASSETS = YES;
				CODE_SIGN_ENTITLEMENTS = AESAnimations/AESAnimations.entitlements;
				"CODE_SIGN_IDENTITY[sdk=macosx*]" = "Apple Development";
				CODE_SIGN_STYLE = Automatic;
				CURRENT_PROJECT_VERSION = 2.1;
				DEAD_CODE_STRIPPING = YES;
				DEVELOPMENT_ASSET_PATHS = "\"AESAnimations/Preview Content\"";
				DEVELOPMENT_TEAM = H32DUB5NQD;
				ENABLE_HARDENED_RUNTIME = YES;
				ENABLE_PREVIEWS = YES;
				ENABLE_TESTING_SEARCH_PATHS = NO;
				GENERATE_INFOPLIST_FILE = YES;
				"INFOPLIST_KEY_UIApplicationSceneManifest_Generation[sdk=iphoneos*]" = YES;
				"INFOPLIST_KEY_UIApplicationSceneManifest_Generation[sdk=iphonesimulator*]" = YES;
				"INFOPLIST_KEY_UIApplicationSupportsIndirectInputEvents[sdk=iphoneos*]" = YES;
				"INFOPLIST_KEY_UIApplicationSupportsIndirectInputEvents[sdk=iphonesimulator*]" = YES;
				"INFOPLIST_KEY_UILaunchScreen_Generation[sdk=iphoneos*]" = YES;
				"INFOPLIST_KEY_UILaunchScreen_Generation[sdk=iphonesimulator*]" = YES;
				INFOPLIST_KEY_UIStatusBarStyle = "";
				"INFOPLIST_KEY_UIStatusBarStyle[sdk=iphoneos*]" = UIStatusBarStyleDefault;
				"INFOPLIST_KEY_UIStatusBarStyle[sdk=iphonesimulator*]" = UIStatusBarStyleDefault;
				INFOPLIST_KEY_UISupportedInterfaceOrientations_iPad = "UIInterfaceOrientationLandscapeLeft UIInterfaceOrientationLandscapeRight";
				IPHONEOS_DEPLOYMENT_TARGET = 17.5;
				LD_RUNPATH_SEARCH_PATHS = "@executable_path/Frameworks";
				"LD_RUNPATH_SEARCH_PATHS[sdk=macosx*]" = "@executable_path/../Frameworks";
				MACOSX_DEPLOYMENT_TARGET = 14.6;
				MARKETING_VERSION = 1.1;
				PRODUCT_BUNDLE_IDENTIFIER = com.leonchamoun.AESAnimations;
				PRODUCT_NAME = "$(TARGET_NAME)";
				SDKROOT = auto;
				SUPPORTED_PLATFORMS = "iphoneos iphonesimulator macosx";
				SUPPORTS_MACCATALYST = NO;
				SWIFT_EMIT_LOC_STRINGS = YES;
				SWIFT_VERSION = 5.0;
				TARGETED_DEVICE_FAMILY = 2;
			};
			name = Debug;
		};
		C37BA08C2C397D5900C87BB7 /* Release */ = {
			isa = XCBuildConfiguration;
			buildSettings = {
				ASSETCATALOG_COMPILER_APPICON_NAME = AppIcon;
				ASSETCATALOG_COMPILER_GLOBAL_ACCENT_COLOR_NAME = AccentColor;
				ASSETCATALOG_COMPILER_INCLUDE_ALL_APPICON_ASSETS = YES;
				CODE_SIGN_ENTITLEMENTS = AESAnimations/AESAnimations.entitlements;
				"CODE_SIGN_IDENTITY[sdk=macosx*]" = "Apple Development";
				CODE_SIGN_STYLE = Automatic;
				CURRENT_PROJECT_VERSION = 2.1;
				DEAD_CODE_STRIPPING = YES;
				DEVELOPMENT_ASSET_PATHS = "\"AESAnimations/Preview Content\"";
				DEVELOPMENT_TEAM = H32DUB5NQD;
				ENABLE_HARDENED_RUNTIME = YES;
				ENABLE_PREVIEWS = YES;
				ENABLE_TESTING_SEARCH_PATHS = NO;
				GENERATE_INFOPLIST_FILE = YES;
				"INFOPLIST_KEY_UIApplicationSceneManifest_Generation[sdk=iphoneos*]" = YES;
				"INFOPLIST_KEY_UIApplicationSceneManifest_Generation[sdk=iphonesimulator*]" = YES;
				"INFOPLIST_KEY_UIApplicationSupportsIndirectInputEvents[sdk=iphoneos*]" = YES;
				"INFOPLIST_KEY_UIApplicationSupportsIndirectInputEvents[sdk=iphonesimulator*]" = YES;
				"INFOPLIST_KEY_UILaunchScreen_Generation[sdk=iphoneos*]" = YES;
				"INFOPLIST_KEY_UILaunchScreen_Generation[sdk=iphonesimulator*]" = YES;
				INFOPLIST_KEY_UIStatusBarStyle = "";
				"INFOPLIST_KEY_UIStatusBarStyle[sdk=iphoneos*]" = UIStatusBarStyleDefault;
				"INFOPLIST_KEY_UIStatusBarStyle[sdk=iphonesimulator*]" = UIStatusBarStyleDefault;
				INFOPLIST_KEY_UISupportedInterfaceOrientations_iPad = "UIInterfaceOrientationLandscapeLeft UIInterfaceOrientationLandscapeRight";
				IPHONEOS_DEPLOYMENT_TARGET = 17.5;
				LD_RUNPATH_SEARCH_PATHS = "@executable_path/Frameworks";
				"LD_RUNPATH_SEARCH_PATHS[sdk=macosx*]" = "@executable_path/../Frameworks";
				MACOSX_DEPLOYMENT_TARGET = 14.6;
				MARKETING_VERSION = 1.1;
				PRODUCT_BUNDLE_IDENTIFIER = com.leonchamoun.AESAnimations;
				PRODUCT_NAME = "$(TARGET_NAME)";
				SDKROOT = auto;
				SUPPORTED_PLATFORMS = "iphoneos iphonesimulator macosx";
				SUPPORTS_MACCATALYST = NO;
				SWIFT_EMIT_LOC_STRINGS = YES;
				SWIFT_VERSION = 5.0;
				TARGETED_DEVICE_FAMILY = 2;
			};
			name = Release;
		};
/* End XCBuildConfiguration section */

/* Begin XCConfigurationList section */
		C331511F2CA03AA40047B513 /* Build configuration list for PBXNativeTarget "Tests" */ = {
			isa = XCConfigurationList;
			buildConfigurations = (
				C33151202CA03AA40047B513 /* Debug */,
				C33151212CA03AA40047B513 /* Release */,
			);
			defaultConfigurationIsVisible = 0;
			defaultConfigurationName = Release;
		};
		C37BA0762C397D5700C87BB7 /* Build configuration list for PBXProject "AES-Visualization" */ = {
			isa = XCConfigurationList;
			buildConfigurations = (
				C37BA0882C397D5900C87BB7 /* Debug */,
				C37BA0892C397D5900C87BB7 /* Release */,
			);
			defaultConfigurationIsVisible = 0;
			defaultConfigurationName = Release;
		};
		C37BA08A2C397D5900C87BB7 /* Build configuration list for PBXNativeTarget "AES-Visualization" */ = {
			isa = XCConfigurationList;
			buildConfigurations = (
				C37BA08B2C397D5900C87BB7 /* Debug */,
				C37BA08C2C397D5900C87BB7 /* Release */,
			);
			defaultConfigurationIsVisible = 0;
			defaultConfigurationName = Release;
		};
/* End XCConfigurationList section */
	};
	rootObject = C37BA0732C397D5700C87BB7 /* Project object */;
}
